
Microsoft Visual Studio Solution File, Format Version 12.00
# Visual Studio 15
VisualStudioVersion = 15.0.28307.1433
MinimumVisualStudioVersion = 10.0.40219.1
Project("{FAE04EC0-301F-11D3-BF4B-00C04F79EFBC}") = "Calculator", "Calculator\Calculator.csproj", "{FEC0028B-B765-4C55-84F9-7157DA2493BD}"
EndProject
Global
	GlobalSection(SolutionConfigurationPlatforms) = preSolution
		Debug|Any CPU = Debug|Any CPU
		Release|Any CPU = Release|Any CPU
	EndGlobalSection
	GlobalSection(ProjectConfigurationPlatforms) = postSolution
		{FEC0028B-B765-4C55-84F9-7157DA2493BD}.Debug|Any CPU.ActiveCfg = Debug|Any CPU
		{FEC0028B-B765-4C55-84F9-7157DA2493BD}.Debug|Any CPU.Build.0 = Debug|Any CPU
		{FEC0028B-B765-4C55-84F9-7157DA2493BD}.Release|Any CPU.ActiveCfg = Release|Any CPU
		{FEC0028B-B765-4C55-84F9-7157DA2493BD}.Release|Any CPU.Build.0 = Release|Any CPU
	EndGlobalSection
	GlobalSection(SolutionProperties) = preSolution
		HideSolutionNode = FALSE
	EndGlobalSection
	GlobalSection(ExtensibilityGlobals) = postSolution
		SolutionGuid = {A2B83102-1D66-4DDB-93CD-E7CD843E5A88}
	EndGlobalSection
EndGlobal
